{
  "lockfileVersion": 1,
  "dependencies": {
    "cornerstone-core": {
      "version": "1.1.2",
      "resolved": "https://registry.npmjs.org/cornerstone-core/-/cornerstone-core-1.1.2.tgz",
      "integrity": "sha1-88VpDJPw9+Y6uCBth9mHSLr3xwU="
    },
    "cornerstone-math": {
      "version": "0.1.6",
      "resolved": "https://registry.npmjs.org/cornerstone-math/-/cornerstone-math-0.1.6.tgz",
      "integrity": "sha1-k7OtcvroFTg8zlGAryODZVAgDDo="
    },
    "cornerstone-wado-image-loader": {
      "version": "1.0.1",
      "resolved": "https://registry.npmjs.org/cornerstone-wado-image-loader/-/cornerstone-wado-image-loader-1.0.1.tgz",
      "integrity": "sha1-IBJj/j2Y6zdz1uPb+pfmZ9eE02c=",
      "dependencies": {
        "jquery": {
          "version": "3.5.1",
          "resolved": "https://registry.npmjs.org/jquery/-/jquery-3.5.1.tgz",
          "integrity": "sha512-XwIBPqcMn57FxfT+Go5pzySnm4KWkT1Tv7gjrpT1srtf8Weynl6R273VJ5GjkRb51IzMp5nbaPjJXMWeju2MKg=="
        }
      }
    },
    "dicom-parser": {
      "version": "1.8.1",
      "resolved": "https://registry.npmjs.org/dicom-parser/-/dicom-parser-1.8.1.tgz",
      "integrity": "sha512-8lgmQ+p4KD9lWdDpte/goUFZW9BrNCqYM/mEpO2IZl1srHj+2kmzWNbIMnYdQH60IMreS0ECJ8BnWE0rHSvBGA=="
    },
    "gtajesgenga-cornerstone-tools": {
      "version": "1.0.4",
      "resolved": "https://registry.npmjs.org/gtajesgenga-cornerstone-tools/-/gtajesgenga-cornerstone-tools-1.0.4.tgz",
      "integrity": "sha512-hJonlEYFjn8yXhhXSFhoL6EyI0OxA7oTJKYz2yqV3Kya7gyP8l1zhgCzq0kAWr71cY1G68K0T5XMLRjPWXJn0g==",
      "dependencies": {
        "cornerstone-math": {
          "version": "0.1.8",
          "resolved": "https://registry.npmjs.org/cornerstone-math/-/cornerstone-math-0.1.8.tgz",
          "integrity": "sha512-x7NEQHBtVG7j1yeyj/aRoKTpXv1Vh2/H9zNLMyqYJDtJkNng8C4Q8M3CgZ1qer0Yr7eVq2x+Ynmj6kfOm5jXKw=="
        }
      }
    },
    "hammerjs": {
      "version": "2.0.8",
      "resolved": "https://registry.npmjs.org/hammerjs/-/hammerjs-2.0.8.tgz",
      "integrity": "sha1-BO93hiz/K7edMPdpIJWTAiK/YPE="
    },
    "jquery": {
      "version": "2.1.4",
      "resolved": "https://registry.npmjs.org/jquery/-/jquery-2.1.4.tgz",
      "integrity": "sha1-IoveaYoMYUMdwmMKahVPFYkNIxc="
    },
    "jquery-hammerjs": {
      "version": "2.0.0",
      "resolved": "https://registry.npmjs.org/jquery-hammerjs/-/jquery-hammerjs-2.0.0.tgz",
      "integrity": "sha1-CLUY+iX7Hozo/jISw4faU7vhQEg="
    }
  }
}
